
Microsoft Visual Studio Solution File, Format Version 12.00
# Visual Studio Version 16
VisualStudioVersion = 16.0.28902.138
MinimumVisualStudioVersion = 10.0.40219.1
Project("{888888A0-9F3D-457C-B088-3A5042F75D52}") = "Source", "Source.pyproj", "{3676F3ED-62FA-4535-8814-42D54973ACAE}"
EndProject
Global
	GlobalSection(SolutionConfigurationPlatforms) = preSolution
		Debug|Any CPU = Debug|Any CPU
		Release|Any CPU = Release|Any CPU
	EndGlobalSection
	GlobalSection(ProjectConfigurationPlatforms) = postSolution
		{3676F3ED-62FA-4535-8814-42D54973ACAE}.Debug|Any CPU.ActiveCfg = Debug|Any CPU
		{3676F3ED-62FA-4535-8814-42D54973ACAE}.Release|Any CPU.ActiveCfg = Release|Any CPU
	EndGlobalSection
	GlobalSection(SolutionProperties) = preSolution
		HideSolutionNode = FALSE
	EndGlobalSection
	GlobalSection(ExtensibilityGlobals) = postSolution
		SolutionGuid = {795B0EE5-BDE6-42E2-920B-536F3C0C9F2A}
	EndGlobalSection
EndGlobal
